
Microsoft Visual Studio Solution File, Format Version 12.00
# Visual Studio 15
VisualStudioVersion = 15.0.27130.2024
MinimumVisualStudioVersion = 10.0.40219.1
Project("{FAE04EC0-301F-11D3-BF4B-00C04F79EFBC}") = "StudentSystem.Models", "StudentSystem.Models\StudentSystem.Models.csproj", "{16ABE147-68C3-420D-A80C-887C4B022CBF}"
EndProject
Project("{FAE04EC0-301F-11D3-BF4B-00C04F79EFBC}") = "StudentSystem.Data", "StudentSystem.Data\StudentSystem.Data.csproj", "{33348912-9716-4E88-832C-9478506328F5}"
EndProject
Project("{FAE04EC0-301F-11D3-BF4B-00C04F79EFBC}") = "StudentSystem.ConsoleClient", "StudentSystem.ConsoleClient\StudentSystem.ConsoleClient.csproj", "{8391B6B1-2D16-47A7-B916-E04CDAECF042}"
EndProject
Global
	GlobalSection(SolutionConfigurationPlatforms) = preSolution
		Debug|Any CPU = Debug|Any CPU
		Release|Any CPU = Release|Any CPU
	EndGlobalSection
	GlobalSection(ProjectConfigurationPlatforms) = postSolution
		{16ABE147-68C3-420D-A80C-887C4B022CBF}.Debug|Any CPU.ActiveCfg = Debug|Any CPU
		{16ABE147-68C3-420D-A80C-887C4B022CBF}.Debug|Any CPU.Build.0 = Debug|Any CPU
		{16ABE147-68C3-420D-A80C-887C4B022CBF}.Release|Any CPU.ActiveCfg = Release|Any CPU
		{16ABE147-68C3-420D-A80C-887C4B022CBF}.Release|Any CPU.Build.0 = Release|Any CPU
		{33348912-9716-4E88-832C-9478506328F5}.Debug|Any CPU.ActiveCfg = Debug|Any CPU
		{33348912-9716-4E88-832C-9478506328F5}.Debug|Any CPU.Build.0 = Debug|Any CPU
		{33348912-9716-4E88-832C-9478506328F5}.Release|Any CPU.ActiveCfg = Release|Any CPU
		{33348912-9716-4E88-832C-9478506328F5}.Release|Any CPU.Build.0 = Release|Any CPU
		{8391B6B1-2D16-47A7-B916-E04CDAECF042}.Debug|Any CPU.ActiveCfg = Debug|Any CPU
		{8391B6B1-2D16-47A7-B916-E04CDAECF042}.Debug|Any CPU.Build.0 = Debug|Any CPU
		{8391B6B1-2D16-47A7-B916-E04CDAECF042}.Release|Any CPU.ActiveCfg = Release|Any CPU
		{8391B6B1-2D16-47A7-B916-E04CDAECF042}.Release|Any CPU.Build.0 = Release|Any CPU
	EndGlobalSection
	GlobalSection(SolutionProperties) = preSolution
		HideSolutionNode = FALSE
	EndGlobalSection
	GlobalSection(ExtensibilityGlobals) = postSolution
		SolutionGuid = {7840E43B-BDD9-42C0-BFE1-9F8B8FD6CA4A}
	EndGlobalSection
EndGlobal
