
Microsoft Visual Studio Solution File, Format Version 12.00
# Visual Studio 15
VisualStudioVersion = 15.0.27130.2024
MinimumVisualStudioVersion = 10.0.40219.1
Project("{FAE04EC0-301F-11D3-BF4B-00C04F79EFBC}") = "01.NumberOfRowsFromCategories", "01.RetrievesFromNorthwind\01.NumberOfRowsFromCategories.csproj", "{7EF90D95-8DF2-496A-950C-C397E8880718}"
EndProject
Project("{FAE04EC0-301F-11D3-BF4B-00C04F79EFBC}") = "02.RetrieveNameAndDescriptionsFromCategories", "02.RetriveNameAndDescriptionsFromCategories\02.RetrieveNameAndDescriptionsFromCategories.csproj", "{9827CF19-37F6-45B9-BA80-F4E5D473BBF6}"
EndProject
Project("{FAE04EC0-301F-11D3-BF4B-00C04F79EFBC}") = "03.RetriveProducts", "03.RetriveProducts\03.RetriveProducts.csproj", "{C7E59F70-045E-42EC-A4AE-4363AAB75A2D}"
EndProject
Project("{FAE04EC0-301F-11D3-BF4B-00C04F79EFBC}") = "04.AddNewProduct", "04.AddNewProduct\04.AddNewProduct.csproj", "{7E24BF7B-75A0-4B33-83B9-1BB56A888520}"
EndProject
Project("{FAE04EC0-301F-11D3-BF4B-00C04F79EFBC}") = "05.RetrieveImage", "05.RetrieveImage\05.RetrieveImage.csproj", "{D032823C-2967-4C85-8692-030FEA5073D3}"
EndProject
Project("{FAE04EC0-301F-11D3-BF4B-00C04F79EFBC}") = "06.GetRowsFromExcelFile", "06.GetRowsFromExcelFile\06.GetRowsFromExcelFile.csproj", "{8FE9DDCE-2C88-4A6E-B910-D6214EE17349}"
EndProject
Project("{FAE04EC0-301F-11D3-BF4B-00C04F79EFBC}") = "07.WritingToExcelFile", "07.WritingToExcelFile\07.WritingToExcelFile.csproj", "{C03EF303-E870-46D0-A95B-EDF293F8D5DC}"
EndProject
Project("{FAE04EC0-301F-11D3-BF4B-00C04F79EFBC}") = "08.FindProductByString", "08.FindProductByString\08.FindProductByString.csproj", "{354B261F-8AE9-4621-8129-56910D4A4516}"
EndProject
Global
	GlobalSection(SolutionConfigurationPlatforms) = preSolution
		Debug|Any CPU = Debug|Any CPU
		Debug|x86 = Debug|x86
		Release|Any CPU = Release|Any CPU
		Release|x86 = Release|x86
	EndGlobalSection
	GlobalSection(ProjectConfigurationPlatforms) = postSolution
		{7EF90D95-8DF2-496A-950C-C397E8880718}.Debug|Any CPU.ActiveCfg = Debug|Any CPU
		{7EF90D95-8DF2-496A-950C-C397E8880718}.Debug|Any CPU.Build.0 = Debug|Any CPU
		{7EF90D95-8DF2-496A-950C-C397E8880718}.Debug|x86.ActiveCfg = Debug|Any CPU
		{7EF90D95-8DF2-496A-950C-C397E8880718}.Debug|x86.Build.0 = Debug|Any CPU
		{7EF90D95-8DF2-496A-950C-C397E8880718}.Release|Any CPU.ActiveCfg = Release|Any CPU
		{7EF90D95-8DF2-496A-950C-C397E8880718}.Release|Any CPU.Build.0 = Release|Any CPU
		{7EF90D95-8DF2-496A-950C-C397E8880718}.Release|x86.ActiveCfg = Release|Any CPU
		{7EF90D95-8DF2-496A-950C-C397E8880718}.Release|x86.Build.0 = Release|Any CPU
		{9827CF19-37F6-45B9-BA80-F4E5D473BBF6}.Debug|Any CPU.ActiveCfg = Debug|Any CPU
		{9827CF19-37F6-45B9-BA80-F4E5D473BBF6}.Debug|Any CPU.Build.0 = Debug|Any CPU
		{9827CF19-37F6-45B9-BA80-F4E5D473BBF6}.Debug|x86.ActiveCfg = Debug|Any CPU
		{9827CF19-37F6-45B9-BA80-F4E5D473BBF6}.Debug|x86.Build.0 = Debug|Any CPU
		{9827CF19-37F6-45B9-BA80-F4E5D473BBF6}.Release|Any CPU.ActiveCfg = Release|Any CPU
		{9827CF19-37F6-45B9-BA80-F4E5D473BBF6}.Release|Any CPU.Build.0 = Release|Any CPU
		{9827CF19-37F6-45B9-BA80-F4E5D473BBF6}.Release|x86.ActiveCfg = Release|Any CPU
		{9827CF19-37F6-45B9-BA80-F4E5D473BBF6}.Release|x86.Build.0 = Release|Any CPU
		{C7E59F70-045E-42EC-A4AE-4363AAB75A2D}.Debug|Any CPU.ActiveCfg = Debug|Any CPU
		{C7E59F70-045E-42EC-A4AE-4363AAB75A2D}.Debug|Any CPU.Build.0 = Debug|Any CPU
		{C7E59F70-045E-42EC-A4AE-4363AAB75A2D}.Debug|x86.ActiveCfg = Debug|Any CPU
		{C7E59F70-045E-42EC-A4AE-4363AAB75A2D}.Debug|x86.Build.0 = Debug|Any CPU
		{C7E59F70-045E-42EC-A4AE-4363AAB75A2D}.Release|Any CPU.ActiveCfg = Release|Any CPU
		{C7E59F70-045E-42EC-A4AE-4363AAB75A2D}.Release|Any CPU.Build.0 = Release|Any CPU
		{C7E59F70-045E-42EC-A4AE-4363AAB75A2D}.Release|x86.ActiveCfg = Release|Any CPU
		{C7E59F70-045E-42EC-A4AE-4363AAB75A2D}.Release|x86.Build.0 = Release|Any CPU
		{7E24BF7B-75A0-4B33-83B9-1BB56A888520}.Debug|Any CPU.ActiveCfg = Debug|Any CPU
		{7E24BF7B-75A0-4B33-83B9-1BB56A888520}.Debug|Any CPU.Build.0 = Debug|Any CPU
		{7E24BF7B-75A0-4B33-83B9-1BB56A888520}.Debug|x86.ActiveCfg = Debug|Any CPU
		{7E24BF7B-75A0-4B33-83B9-1BB56A888520}.Debug|x86.Build.0 = Debug|Any CPU
		{7E24BF7B-75A0-4B33-83B9-1BB56A888520}.Release|Any CPU.ActiveCfg = Release|Any CPU
		{7E24BF7B-75A0-4B33-83B9-1BB56A888520}.Release|Any CPU.Build.0 = Release|Any CPU
		{7E24BF7B-75A0-4B33-83B9-1BB56A888520}.Release|x86.ActiveCfg = Release|Any CPU
		{7E24BF7B-75A0-4B33-83B9-1BB56A888520}.Release|x86.Build.0 = Release|Any CPU
		{D032823C-2967-4C85-8692-030FEA5073D3}.Debug|Any CPU.ActiveCfg = Debug|Any CPU
		{D032823C-2967-4C85-8692-030FEA5073D3}.Debug|Any CPU.Build.0 = Debug|Any CPU
		{D032823C-2967-4C85-8692-030FEA5073D3}.Debug|x86.ActiveCfg = Debug|Any CPU
		{D032823C-2967-4C85-8692-030FEA5073D3}.Debug|x86.Build.0 = Debug|Any CPU
		{D032823C-2967-4C85-8692-030FEA5073D3}.Release|Any CPU.ActiveCfg = Release|Any CPU
		{D032823C-2967-4C85-8692-030FEA5073D3}.Release|Any CPU.Build.0 = Release|Any CPU
		{D032823C-2967-4C85-8692-030FEA5073D3}.Release|x86.ActiveCfg = Release|Any CPU
		{D032823C-2967-4C85-8692-030FEA5073D3}.Release|x86.Build.0 = Release|Any CPU
		{8FE9DDCE-2C88-4A6E-B910-D6214EE17349}.Debug|Any CPU.ActiveCfg = Debug|Any CPU
		{8FE9DDCE-2C88-4A6E-B910-D6214EE17349}.Debug|Any CPU.Build.0 = Debug|Any CPU
		{8FE9DDCE-2C88-4A6E-B910-D6214EE17349}.Debug|x86.ActiveCfg = Debug|Any CPU
		{8FE9DDCE-2C88-4A6E-B910-D6214EE17349}.Debug|x86.Build.0 = Debug|Any CPU
		{8FE9DDCE-2C88-4A6E-B910-D6214EE17349}.Release|Any CPU.ActiveCfg = Release|Any CPU
		{8FE9DDCE-2C88-4A6E-B910-D6214EE17349}.Release|Any CPU.Build.0 = Release|Any CPU
		{8FE9DDCE-2C88-4A6E-B910-D6214EE17349}.Release|x86.ActiveCfg = Release|Any CPU
		{8FE9DDCE-2C88-4A6E-B910-D6214EE17349}.Release|x86.Build.0 = Release|Any CPU
		{C03EF303-E870-46D0-A95B-EDF293F8D5DC}.Debug|Any CPU.ActiveCfg = Debug|Any CPU
		{C03EF303-E870-46D0-A95B-EDF293F8D5DC}.Debug|Any CPU.Build.0 = Debug|Any CPU
		{C03EF303-E870-46D0-A95B-EDF293F8D5DC}.Debug|x86.ActiveCfg = Debug|Any CPU
		{C03EF303-E870-46D0-A95B-EDF293F8D5DC}.Debug|x86.Build.0 = Debug|Any CPU
		{C03EF303-E870-46D0-A95B-EDF293F8D5DC}.Release|Any CPU.ActiveCfg = Release|Any CPU
		{C03EF303-E870-46D0-A95B-EDF293F8D5DC}.Release|Any CPU.Build.0 = Release|Any CPU
		{C03EF303-E870-46D0-A95B-EDF293F8D5DC}.Release|x86.ActiveCfg = Release|Any CPU
		{C03EF303-E870-46D0-A95B-EDF293F8D5DC}.Release|x86.Build.0 = Release|Any CPU
		{354B261F-8AE9-4621-8129-56910D4A4516}.Debug|Any CPU.ActiveCfg = Debug|Any CPU
		{354B261F-8AE9-4621-8129-56910D4A4516}.Debug|Any CPU.Build.0 = Debug|Any CPU
		{354B261F-8AE9-4621-8129-56910D4A4516}.Debug|x86.ActiveCfg = Debug|Any CPU
		{354B261F-8AE9-4621-8129-56910D4A4516}.Debug|x86.Build.0 = Debug|Any CPU
		{354B261F-8AE9-4621-8129-56910D4A4516}.Release|Any CPU.ActiveCfg = Release|Any CPU
		{354B261F-8AE9-4621-8129-56910D4A4516}.Release|Any CPU.Build.0 = Release|Any CPU
		{354B261F-8AE9-4621-8129-56910D4A4516}.Release|x86.ActiveCfg = Release|Any CPU
		{354B261F-8AE9-4621-8129-56910D4A4516}.Release|x86.Build.0 = Release|Any CPU
	EndGlobalSection
	GlobalSection(SolutionProperties) = preSolution
		HideSolutionNode = FALSE
	EndGlobalSection
	GlobalSection(ExtensibilityGlobals) = postSolution
		SolutionGuid = {2FAE85C3-945B-4383-94F6-B340769BEBBF}
	EndGlobalSection
EndGlobal
